version = 1
revision = 1
requires-python = ">=3.12"

[[package]]
name = "dbus-fast"
version = "4.0.4"
source = { registry = "https://pypi.org/simple" }
sdist = { url = "https://files.pythonhosted.org/packages/5f/cd/402b0e524bdf37d8b1d22b1d926c538bf1d2eedf115ea1d401c6c08a7d81/dbus_fast-4.0.4.tar.gz", hash = "sha256:43137f0b73a7adbf7d5c0e9eb9d8d34df9e6e0aeafade2166e641c52dfe0a853", size = 75260 }
wheels = [
    { url = "https://files.pythonhosted.org/packages/0c/a5/3d68c39b6c157b4542a154030d3d75123124190420d3c2d9733e554cc131/dbus_fast-4.0.4-cp312-cp312-macosx_11_0_arm64.whl", hash = "sha256:139b462190f7421e55fec421108f824425a559b3d9a5e0b15421e68275735bad", size = 680584 },
    { url = "https://files.pythonhosted.org/packages/a8/cf/86b4b7057d11af1549135234612e40401c69f339551a1c0cd011439a6b8b/dbus_fast-4.0.4-cp312-cp312-manylinux2014_aarch64.manylinux_2_17_aarch64.manylinux_2_28_aarch64.whl", hash = "sha256:00a3db08cf1d98bbedfb73467b774fd49adcf83935b8a92f6c552ce78d93491f", size = 792151 },
    { url = "https://files.pythonhosted.org/packages/95/e5/056a5845b19202336caed7d3b18896c75ec059b68c16f4ded71749c9e0a2/dbus_fast-4.0.4-cp312-cp312-manylinux2014_x86_64.manylinux_2_17_x86_64.manylinux_2_28_x86_64.whl", hash = "sha256:74183b4ef4cc79a9cd1a46e006c19d00ce9abc7d99d36e6adcd094f414446d38", size = 844081 },
    { url = "https://files.pythonhosted.org/packages/25/03/aa1ef750da5f4cfd15eac9892c05ff95b6380cdc44d5bb63b8379c63e81f/dbus_fast-4.0.4-cp312-cp312-musllinux_1_2_aarch64.whl", hash = "sha256:003f042b1299ebac900d6ee30e8ab2a29988937f56792894da7b5d39a26b1f5f", size = 799573 },
    { url = "https://files.pythonhosted.org/packages/22/0c/2338ca2a51eca2392eddd1c1854a5127a8deb705a65a1fc66dc49d1a5557/dbus_fast-4.0.4-cp312-cp312-musllinux_1_2_x86_64.whl", hash = "sha256:87be8a41330481c3d3a5e30af10ec713e4f08fe0d6c36f5a401eaef7b5526417", size = 852067 },
    { url = "https://files.pythonhosted.org/packages/a4/ca/b16e55d6cca2105229d009b566187b1d96703976dcf4b4a3377f6bb542dc/dbus_fast-4.0.4-cp313-cp313-macosx_11_0_arm64.whl", hash = "sha256:728bc8a02302c6677a42da2b037580755b29c8fccd5c0866acc529053b2d374d", size = 676240 },
    { url = "https://files.pythonhosted.org/packages/e9/3e/d8b733cca2dc03746496c2ea799125414cd875830a8cb384f1395ab6993d/dbus_fast-4.0.4-cp313-cp313-manylinux2014_aarch64.manylinux_2_17_aarch64.manylinux_2_28_aarch64.whl", hash = "sha256:1fe60ce3a97e265a3ad117b7f40fc8c08357781b1a2ed3e853f29f9e35d24af7", size = 790985 },
    { url = "https://files.pythonhosted.org/packages/aa/85/ec643d891f4bb38347172ca99e4fbeaa55b9a5c3a744bac42c3074893482/dbus_fast-4.0.4-cp313-cp313-manylinux2014_x86_64.manylinux_2_17_x86_64.manylinux_2_28_x86_64.whl", hash = "sha256:982235dabb7e7187df4c2c299d95a6232aebc95c8c906496f630265a10bfdf95", size = 840552 },
    { url = "https://files.pythonhosted.org/packages/83/d5/50fb58f11387ab165f4ad010db9f5434aa386b8308467b5d968a10d09864/dbus_fast-4.0.4-cp313-cp313-musllinux_1_2_aarch64.whl", hash = "sha256:33c0168e0e65ed2d0fa91682773cc893472e3d71a5e085ee082e6484c2d29f4a", size = 797179 },
    { url = "https://files.pythonhosted.org/packages/ca/25/dd83b280a4a405f7e1558951492714935e0c1601724d35a0db970afd0ad0/dbus_fast-4.0.4-cp313-cp313-musllinux_1_2_x86_64.whl", hash = "sha256:069df5d46390299d7fccfc0e704af504a8b75794c2c3bc0246b6db0db1f245b0", size = 849052 },
    { url = "https://files.pythonhosted.org/packages/d3/d9/9af5a38ab9d04054b9e466332ed92d921da7a8166146a2c9e95936f7bed5/dbus_fast-4.0.4-cp314-cp314-macosx_11_0_arm64.whl", hash = "sha256:3564c8a756903a6edf01ceb4dd4927354f03b40a28f000e2b896f02a784e9301", size = 683781 },
    { url = "https://files.pythonhosted.org/packages/e0/ec/22c8904c1f3ecaee2012dfb1eb05d0481bedfaea80f27eab66d120f80b37/dbus_fast-4.0.4-cp314-cp314-manylinux2014_aarch64.manylinux_2_17_aarch64.manylinux_2_28_aarch64.whl", hash = "sha256:0c3a8c07d672b1656a9c7cbdc9a85f493602f72fce8e7f9d97c5e972fa22a684", size = 804433 },
    { url = "https://files.pythonhosted.org/packages/1d/e9/4b3eabb25886f33218b96c7a0e2cd684a50932e00d951aae0181075d5217/dbus_fast-4.0.4-cp314-cp314-manylinux2014_x86_64.manylinux_2_17_x86_64.manylinux_2_28_x86_64.whl", hash = "sha256:5512b9901ba600f1efdae2555ea18da2b67a46e5c24e397edb38ecbbde4aa43f", size = 846351 },
    { url = "https://files.pythonhosted.org/packages/4b/bc/a8330670389de2b69e7fb43b20ad08f0c3614f7d4a3a6cc9cbfcf72555fb/dbus_fast-4.0.4-cp314-cp314-manylinux_2_41_x86_64.whl", hash = "sha256:36f86ba826f05c4d238c9198ae962f90a9cd27ffacd3a4a988166b3d06c699ca", size = 844513 },
    { url = "https://files.pythonhosted.org/packages/ea/54/11a6f5cd13e67d30056651a6324b620f621a6980c1fc872fed3d1acdd1a0/dbus_fast-4.0.4-cp314-cp314-musllinux_1_2_aarch64.whl", hash = "sha256:df0f88a9c1c9f9365627fbfb3dcae3589a12fdc82594945832cb24d9a62674d1", size = 811253 },
    { url = "https://files.pythonhosted.org/packages/f2/bd/30c204bdd0a779cf46f3a4faad5cb62c9bd42a22ebcb89caffecf488493d/dbus_fast-4.0.4-cp314-cp314-musllinux_1_2_x86_64.whl", hash = "sha256:4c6c8722e829b8e750fd6db2906b298d3bcfc32d8cdf766e50ba474ef48bf2af", size = 853231 },
    { url = "https://files.pythonhosted.org/packages/ee/0e/10248b27cfb5009bc11010d95abdee4e881ff8081e2174642ce2a1d5ecaf/dbus_fast-4.0.4-cp314-cp314t-macosx_11_0_arm64.whl", hash = "sha256:8a515e8de0e5971e64a3f49fad2e536b6d2167a9f489e597baf7c802cfb7eef3", size = 1342087 },
    { url = "https://files.pythonhosted.org/packages/74/73/af9794109638e38d59ea1ecbf18c4dea25f802debffc285504a6ebc81b2c/dbus_fast-4.0.4-cp314-cp314t-manylinux2014_aarch64.manylinux_2_17_aarch64.manylinux_2_28_aarch64.whl", hash = "sha256:ad5240c29ec631f9610e03a6bbf4f4c22274e04ea8791e8401542cd6cdbd7b28", size = 1534429 },
    { url = "https://files.pythonhosted.org/packages/82/3d/a033cc655a3a32ee145f575cd05066cf5bed71e24238947d77fb9597c905/dbus_fast-4.0.4-cp314-cp314t-manylinux2014_x86_64.manylinux_2_17_x86_64.manylinux_2_28_x86_64.whl", hash = "sha256:5843c3e543ac1d48cafff67394ada9e568f20d122b44408e378ae43402b785ca", size = 1610602 },
    { url = "https://files.pythonhosted.org/packages/4a/46/2834b825da3f6ef206f5bc55363bc8751addcfc03fa34c639f72006f6a3e/dbus_fast-4.0.4-cp314-cp314t-musllinux_1_2_aarch64.whl", hash = "sha256:7ebb845f2e15ef19f4a99cb879dfbcb1c7028a97d5aaba93b36f65cfd938a022", size = 1550136 },
    { url = "https://files.pythonhosted.org/packages/9e/01/894b2f6954d12c5c527232906d67272b59f0f12f386cd2d394d5e5eac7fc/dbus_fast-4.0.4-cp314-cp314t-musllinux_1_2_x86_64.whl", hash = "sha256:698fe83128150dd49aaa7deb5493523309f0a9749c3c075730a6981851607455", size = 1627660 },
]

[[package]]
name = "dbuslens"
version = "0.1.0"
source = { virtual = "." }
dependencies = [
    { name = "dbus-fast" },
    { name = "dpkt" },
    { name = "textual" },
]

[package.metadata]
requires-dist = [
    { name = "dbus-fast", specifier = ">=4.0.4" },
    { name = "dpkt", specifier = ">=1.9.8" },
    { name = "textual", specifier = ">=0.85.0" },
]

[[package]]
name = "dpkt"
version = "1.9.8"
source = { registry = "https://pypi.org/simple" }
sdist = { url = "https://files.pythonhosted.org/packages/c9/7d/52f17a794db52a66e46ebb0c7549bf2f035ed61d5a920ba4aaa127dd038e/dpkt-1.9.8.tar.gz", hash = "sha256:43f8686e455da5052835fd1eda2689d51de3670aac9799b1b00cfd203927ee45", size = 180073 }
wheels = [
    { url = "https://files.pythonhosted.org/packages/11/79/479e2194c9096b92aecdf33634ae948d2be306c6011673e98ee1917f32c2/dpkt-1.9.8-py3-none-any.whl", hash = "sha256:4da4d111d7bf67575b571f5c678c71bddd2d8a01a3d57d489faf0a92c748fbfd", size = 194973 },
]

[[package]]
name = "linkify-it-py"
version = "2.1.0"
source = { registry = "https://pypi.org/simple" }
dependencies = [
    { name = "uc-micro-py" },
]
sdist = { url = "https://files.pythonhosted.org/packages/2e/c9/06ea13676ef354f0af6169587ae292d3e2406e212876a413bf9eece4eb23/linkify_it_py-2.1.0.tar.gz", hash = "sha256:43360231720999c10e9328dc3691160e27a718e280673d444c38d7d3aaa3b98b", size = 29158 }
wheels = [
    { url = "https://files.pythonhosted.org/packages/b4/de/88b3be5c31b22333b3ca2f6ff1de4e863d8fe45aaea7485f591970ec1d3e/linkify_it_py-2.1.0-py3-none-any.whl", hash = "sha256:0d252c1594ecba2ecedc444053db5d3a9b7ec1b0dd929c8f1d74dce89f86c05e", size = 19878 },
]

[[package]]
name = "markdown-it-py"
version = "4.0.0"
source = { registry = "https://pypi.org/simple" }
dependencies = [
    { name = "mdurl" },
]
sdist = { url = "https://files.pythonhosted.org/packages/5b/f5/4ec618ed16cc4f8fb3b701563655a69816155e79e24a17b651541804721d/markdown_it_py-4.0.0.tar.gz", hash = "sha256:cb0a2b4aa34f932c007117b194e945bd74e0ec24133ceb5bac59009cda1cb9f3", size = 73070 }
wheels = [
    { url = "https://files.pythonhosted.org/packages/94/54/e7d793b573f298e1c9013b8c4dade17d481164aa517d1d7148619c2cedbf/markdown_it_py-4.0.0-py3-none-any.whl", hash = "sha256:87327c59b172c5011896038353a81343b6754500a08cd7a4973bb48c6d578147", size = 87321 },
]

[package.optional-dependencies]
linkify = [
    { name = "linkify-it-py" },
]

[[package]]
name = "mdit-py-plugins"
version = "0.5.0"
source = { registry = "https://pypi.org/simple" }
dependencies = [
    { name = "markdown-it-py" },
]
sdist = { url = "https://files.pythonhosted.org/packages/b2/fd/a756d36c0bfba5f6e39a1cdbdbfdd448dc02692467d83816dff4592a1ebc/mdit_py_plugins-0.5.0.tar.gz", hash = "sha256:f4918cb50119f50446560513a8e311d574ff6aaed72606ddae6d35716fe809c6", size = 44655 }
wheels = [
    { url = "https://files.pythonhosted.org/packages/fb/86/dd6e5db36df29e76c7a7699123569a4a18c1623ce68d826ed96c62643cae/mdit_py_plugins-0.5.0-py3-none-any.whl", hash = "sha256:07a08422fc1936a5d26d146759e9155ea466e842f5ab2f7d2266dd084c8dab1f", size = 57205 },
]

[[package]]
name = "mdurl"
version = "0.1.2"
source = { registry = "https://pypi.org/simple" }
sdist = { url = "https://files.pythonhosted.org/packages/d6/54/cfe61301667036ec958cb99bd3efefba235e65cdeb9c84d24a8293ba1d90/mdurl-0.1.2.tar.gz", hash = "sha256:bb413d29f5eea38f31dd4754dd7377d4465116fb207585f97bf925588687c1ba", size = 8729 }
wheels = [
    { url = "https://files.pythonhosted.org/packages/b3/38/89ba8ad64ae25be8de66a6d463314cf1eb366222074cfda9ee839c56a4b4/mdurl-0.1.2-py3-none-any.whl", hash = "sha256:84008a41e51615a49fc9966191ff91509e3c40b939176e643fd50a5c2196b8f8", size = 9979 },
]

[[package]]
name = "platformdirs"
version = "4.9.6"
source = { registry = "https://pypi.org/simple" }
sdist = { url = "https://files.pythonhosted.org/packages/9f/4a/0883b8e3802965322523f0b200ecf33d31f10991d0401162f4b23c698b42/platformdirs-4.9.6.tar.gz", hash = "sha256:3bfa75b0ad0db84096ae777218481852c0ebc6c727b3168c1b9e0118e458cf0a", size = 29400 }
wheels = [
    { url = "https://files.pythonhosted.org/packages/75/a6/a0a304dc33b49145b21f4808d763822111e67d1c3a32b524a1baf947b6e1/platformdirs-4.9.6-py3-none-any.whl", hash = "sha256:e61adb1d5e5cb3441b4b7710bea7e4c12250ca49439228cc1021c00dcfac0917", size = 21348 },
]

[[package]]
name = "pygments"
version = "2.20.0"
source = { registry = "https://pypi.org/simple" }
sdist = { url = "https://files.pythonhosted.org/packages/c3/b2/bc9c9196916376152d655522fdcebac55e66de6603a76a02bca1b6414f6c/pygments-2.20.0.tar.gz", hash = "sha256:6757cd03768053ff99f3039c1a36d6c0aa0b263438fcab17520b30a303a82b5f", size = 4955991 }
wheels = [
    { url = "https://files.pythonhosted.org/packages/f4/7e/a72dd26f3b0f4f2bf1dd8923c85f7ceb43172af56d63c7383eb62b332364/pygments-2.20.0-py3-none-any.whl", hash = "sha256:81a9e26dd42fd28a23a2d169d86d7ac03b46e2f8b59ed4698fb4785f946d0176", size = 1231151 },
]

[[package]]
name = "rich"
version = "15.0.0"
source = { registry = "https://pypi.org/simple" }
dependencies = [
    { name = "markdown-it-py" },
    { name = "pygments" },
]
sdist = { url = "https://files.pythonhosted.org/packages/c0/8f/0722ca900cc807c13a6a0c696dacf35430f72e0ec571c4275d2371fca3e9/rich-15.0.0.tar.gz", hash = "sha256:edd07a4824c6b40189fb7ac9bc4c52536e9780fbbfbddf6f1e2502c31b068c36", size = 230680 }
wheels = [
    { url = "https://files.pythonhosted.org/packages/82/3b/64d4899d73f91ba49a8c18a8ff3f0ea8f1c1d75481760df8c68ef5235bf5/rich-15.0.0-py3-none-any.whl", hash = "sha256:33bd4ef74232fb73fe9279a257718407f169c09b78a87ad3d296f548e27de0bb", size = 310654 },
]

[[package]]
name = "textual"
version = "8.2.3"
source = { registry = "https://pypi.org/simple" }
dependencies = [
    { name = "markdown-it-py", extra = ["linkify"] },
    { name = "mdit-py-plugins" },
    { name = "platformdirs" },
    { name = "pygments" },
    { name = "rich" },
    { name = "typing-extensions" },
]
sdist = { url = "https://files.pythonhosted.org/packages/cf/2f/d44f0f12b3ddb1f0b88f7775652e99c6b5a43fd733badf4ce064bdbfef4a/textual-8.2.3.tar.gz", hash = "sha256:beea7b86b03b03558a2224f0cc35252e60ef8b0c4353b117b2f40972902d976a", size = 1848738 }
wheels = [
    { url = "https://files.pythonhosted.org/packages/0e/28/a81d6ce9f4804818bd1231a9a6e4d56ea84ebbe8385c49591444f0234fa2/textual-8.2.3-py3-none-any.whl", hash = "sha256:5008ac581bebf1f6fa0520404261844a231e5715fdbddd10ca73916a3af48ca2", size = 724231 },
]

[[package]]
name = "typing-extensions"
version = "4.15.0"
source = { registry = "https://pypi.org/simple" }
sdist = { url = "https://files.pythonhosted.org/packages/72/94/1a15dd82efb362ac84269196e94cf00f187f7ed21c242792a923cdb1c61f/typing_extensions-4.15.0.tar.gz", hash = "sha256:0cea48d173cc12fa28ecabc3b837ea3cf6f38c6d1136f85cbaaf598984861466", size = 109391 }
wheels = [
    { url = "https://files.pythonhosted.org/packages/18/67/36e9267722cc04a6b9f15c7f3441c2363321a3ea07da7ae0c0707beb2a9c/typing_extensions-4.15.0-py3-none-any.whl", hash = "sha256:f0fa19c6845758ab08074a0cfa8b7aecb71c999ca73d62883bc25cc018c4e548", size = 44614 },
]

[[package]]
name = "uc-micro-py"
version = "2.0.0"
source = { registry = "https://pypi.org/simple" }
sdist = { url = "https://files.pythonhosted.org/packages/78/67/9a363818028526e2d4579334460df777115bdec1bb77c08f9db88f6389f2/uc_micro_py-2.0.0.tar.gz", hash = "sha256:c53691e495c8db60e16ffc4861a35469b0ba0821fe409a8a7a0a71864d33a811", size = 6611 }
wheels = [
    { url = "https://files.pythonhosted.org/packages/61/73/d21edf5b204d1467e06500080a50f79d49ef2b997c79123a536d4a17d97c/uc_micro_py-2.0.0-py3-none-any.whl", hash = "sha256:3603a3859af53e5a39bc7677713c78ea6589ff188d70f4fee165db88e22b242c", size = 6383 },
]
